
Microsoft Visual Studio Solution File, Format Version 12.00
# Visual Studio 2013
VisualStudioVersion = 12.0.21005.1
MinimumVisualStudioVersion = 10.0.40219.1
Project("{FAE04EC0-301F-11D3-BF4B-00C04F79EFBC}") = "TicTacToe", "TicTacToe\TicTacToe.csproj", "{19951633-FBA7-4E5D-9229-46CF04A52DB5}"
EndProject
Project("{6141683F-8A12-4E36-9623-2EB02B2C2303}") = "TicTacToe_Setup", "TicTacToe_Setup\TicTacToe_Setup.isproj", "{7F32F38E-3A37-447B-9C43-63EB89B944F9}"
EndProject
Global
	GlobalSection(SolutionConfigurationPlatforms) = preSolution
		CD_ROM|Any CPU = CD_ROM|Any CPU
		Debug|Any CPU = Debug|Any CPU
		DVD-5|Any CPU = DVD-5|Any CPU
		Release|Any CPU = Release|Any CPU
		SingleImage|Any CPU = SingleImage|Any CPU
	EndGlobalSection
	GlobalSection(ProjectConfigurationPlatforms) = postSolution
		{19951633-FBA7-4E5D-9229-46CF04A52DB5}.CD_ROM|Any CPU.ActiveCfg = Release|Any CPU
		{19951633-FBA7-4E5D-9229-46CF04A52DB5}.CD_ROM|Any CPU.Build.0 = Release|Any CPU
		{19951633-FBA7-4E5D-9229-46CF04A52DB5}.Debug|Any CPU.ActiveCfg = Debug|Any CPU
		{19951633-FBA7-4E5D-9229-46CF04A52DB5}.Debug|Any CPU.Build.0 = Debug|Any CPU
		{19951633-FBA7-4E5D-9229-46CF04A52DB5}.DVD-5|Any CPU.ActiveCfg = Debug|Any CPU
		{19951633-FBA7-4E5D-9229-46CF04A52DB5}.DVD-5|Any CPU.Build.0 = Debug|Any CPU
		{19951633-FBA7-4E5D-9229-46CF04A52DB5}.Release|Any CPU.ActiveCfg = Release|Any CPU
		{19951633-FBA7-4E5D-9229-46CF04A52DB5}.Release|Any CPU.Build.0 = Release|Any CPU
		{19951633-FBA7-4E5D-9229-46CF04A52DB5}.SingleImage|Any CPU.ActiveCfg = Release|Any CPU
		{19951633-FBA7-4E5D-9229-46CF04A52DB5}.SingleImage|Any CPU.Build.0 = Release|Any CPU
		{7F32F38E-3A37-447B-9C43-63EB89B944F9}.CD_ROM|Any CPU.ActiveCfg = CD_ROM
		{7F32F38E-3A37-447B-9C43-63EB89B944F9}.CD_ROM|Any CPU.Build.0 = CD_ROM
		{7F32F38E-3A37-447B-9C43-63EB89B944F9}.Debug|Any CPU.ActiveCfg = DVD-5
		{7F32F38E-3A37-447B-9C43-63EB89B944F9}.Debug|Any CPU.Build.0 = DVD-5
		{7F32F38E-3A37-447B-9C43-63EB89B944F9}.DVD-5|Any CPU.ActiveCfg = DVD-5
		{7F32F38E-3A37-447B-9C43-63EB89B944F9}.DVD-5|Any CPU.Build.0 = DVD-5
		{7F32F38E-3A37-447B-9C43-63EB89B944F9}.Release|Any CPU.ActiveCfg = SingleImage
		{7F32F38E-3A37-447B-9C43-63EB89B944F9}.Release|Any CPU.Build.0 = SingleImage
		{7F32F38E-3A37-447B-9C43-63EB89B944F9}.SingleImage|Any CPU.ActiveCfg = SingleImage
		{7F32F38E-3A37-447B-9C43-63EB89B944F9}.SingleImage|Any CPU.Build.0 = SingleImage
	EndGlobalSection
	GlobalSection(SolutionProperties) = preSolution
		HideSolutionNode = FALSE
	EndGlobalSection
EndGlobal
